// !$*UTF8*$!
{
	archiveVersion = 1;
	classes = {
	};
	objectVersion = 56;
	objects = {

/* Begin PBXBuildFile section */
		B71A2F3C4D5E6F0100000001 /* CallowayApp.swift in Sources */ = {isa = PBXBuildFile; fileRef = B71A2F3C4D5E6F0200000001 /* CallowayApp.swift */; };
		B71A2F3C4D5E6F0100000002 /* AvatarView.swift in Sources */ = {isa = PBXBuildFile; fileRef = B71A2F3C4D5E6F0200000002 /* AvatarView.swift */; };
		B71A2F3C4D5E6F0100000003 /* FilterChip.swift in Sources */ = {isa = PBXBuildFile; fileRef = B71A2F3C4D5E6F0200000003 /* FilterChip.swift */; };
		B71A2F3C4D5E6F0100000004 /* BriefingModels.swift in Sources */ = {isa = PBXBuildFile; fileRef = B71A2F3C4D5E6F0200000004 /* BriefingModels.swift */; };
		B71A2F3C4D5E6F0100000005 /* ConversationModels.swift in Sources */ = {isa = PBXBuildFile; fileRef = B71A2F3C4D5E6F0200000005 /* ConversationModels.swift */; };
		B71A2F3C4D5E6F0100000006 /* ListingModels.swift in Sources */ = {isa = PBXBuildFile; fileRef = B71A2F3C4D5E6F0200000006 /* ListingModels.swift */; };
		B71A2F3C4D5E6F0100000007 /* APIClient.swift in Sources */ = {isa = PBXBuildFile; fileRef = B71A2F3C4D5E6F0200000007 /* APIClient.swift */; };
		B71A2F3C4D5E6F0100000008 /* AuthService.swift in Sources */ = {isa = PBXBuildFile; fileRef = B71A2F3C4D5E6F0200000008 /* AuthService.swift */; };
		B71A2F3C4D5E6F0100000009 /* CallowayTheme.swift in Sources */ = {isa = PBXBuildFile; fileRef = B71A2F3C4D5E6F0200000009 /* CallowayTheme.swift */; };
		B71A2F3C4D5E6F0100000010 /* MainTabView.swift in Sources */ = {isa = PBXBuildFile; fileRef = B71A2F3C4D5E6F0200000010 /* MainTabView.swift */; };
		B71A2F3C4D5E6F0100000011 /* AssistantSummaryCard.swift in Sources */ = {isa = PBXBuildFile; fileRef = B71A2F3C4D5E6F0200000011 /* AssistantSummaryCard.swift */; };
		B71A2F3C4D5E6F0100000012 /* BriefingView.swift in Sources */ = {isa = PBXBuildFile; fileRef = B71A2F3C4D5E6F0200000012 /* BriefingView.swift */; };
		B71A2F3C4D5E6F0100000013 /* ScheduleEventCard.swift in Sources */ = {isa = PBXBuildFile; fileRef = B71A2F3C4D5E6F0200000013 /* ScheduleEventCard.swift */; };
		B71A2F3C4D5E6F0100000014 /* ChatDetailView.swift in Sources */ = {isa = PBXBuildFile; fileRef = B71A2F3C4D5E6F0200000014 /* ChatDetailView.swift */; };
		B71A2F3C4D5E6F0100000015 /* ChatsListView.swift in Sources */ = {isa = PBXBuildFile; fileRef = B71A2F3C4D5E6F0200000015 /* ChatsListView.swift */; };
		B71A2F3C4D5E6F0100000016 /* ConversationCard.swift in Sources */ = {isa = PBXBuildFile; fileRef = B71A2F3C4D5E6F0200000016 /* ConversationCard.swift */; };
		B71A2F3C4D5E6F0100000017 /* MessageBubble.swift in Sources */ = {isa = PBXBuildFile; fileRef = B71A2F3C4D5E6F0200000017 /* MessageBubble.swift */; };
		B71A2F3C4D5E6F0100000018 /* ContentPortalView.swift in Sources */ = {isa = PBXBuildFile; fileRef = B71A2F3C4D5E6F0200000018 /* ContentPortalView.swift */; };
		B71A2F3C4D5E6F0100000019 /* NewListingForm.swift in Sources */ = {isa = PBXBuildFile; fileRef = B71A2F3C4D5E6F0200000019 /* NewListingForm.swift */; };
		B71A2F3C4D5E6F0100000020 /* Assets.xcassets in Resources */ = {isa = PBXBuildFile; fileRef = B71A2F3C4D5E6F0200000020 /* Assets.xcassets */; };
/* End PBXBuildFile section */

/* Begin PBXFileReference section */
		B71A2F3C4D5E6F0200000001 /* CallowayApp.swift */ = {isa = PBXFileReference; lastKnownFileType = sourcecode.swift; path = CallowayApp.swift; sourceTree = "<group>"; };
		B71A2F3C4D5E6F0200000002 /* AvatarView.swift */ = {isa = PBXFileReference; lastKnownFileType = sourcecode.swift; path = AvatarView.swift; sourceTree = "<group>"; };
		B71A2F3C4D5E6F0200000003 /* FilterChip.swift */ = {isa = PBXFileReference; lastKnownFileType = sourcecode.swift; path = FilterChip.swift; sourceTree = "<group>"; };
		B71A2F3C4D5E6F0200000004 /* BriefingModels.swift */ = {isa = PBXFileReference; lastKnownFileType = sourcecode.swift; path = BriefingModels.swift; sourceTree = "<group>"; };
		B71A2F3C4D5E6F0200000005 /* ConversationModels.swift */ = {isa = PBXFileReference; lastKnownFileType = sourcecode.swift; path = ConversationModels.swift; sourceTree = "<group>"; };
		B71A2F3C4D5E6F0200000006 /* ListingModels.swift */ = {isa = PBXFileReference; lastKnownFileType = sourcecode.swift; path = ListingModels.swift; sourceTree = "<group>"; };
		B71A2F3C4D5E6F0200000007 /* APIClient.swift */ = {isa = PBXFileReference; lastKnownFileType = sourcecode.swift; path = APIClient.swift; sourceTree = "<group>"; };
		B71A2F3C4D5E6F0200000008 /* AuthService.swift */ = {isa = PBXFileReference; lastKnownFileType = sourcecode.swift; path = AuthService.swift; sourceTree = "<group>"; };
		B71A2F3C4D5E6F0200000009 /* CallowayTheme.swift */ = {isa = PBXFileReference; lastKnownFileType = sourcecode.swift; path = CallowayTheme.swift; sourceTree = "<group>"; };
		B71A2F3C4D5E6F0200000010 /* MainTabView.swift */ = {isa = PBXFileReference; lastKnownFileType = sourcecode.swift; path = MainTabView.swift; sourceTree = "<group>"; };
		B71A2F3C4D5E6F0200000011 /* AssistantSummaryCard.swift */ = {isa = PBXFileReference; lastKnownFileType = sourcecode.swift; path = AssistantSummaryCard.swift; sourceTree = "<group>"; };
		B71A2F3C4D5E6F0200000012 /* BriefingView.swift */ = {isa = PBXFileReference; lastKnownFileType = sourcecode.swift; path = BriefingView.swift; sourceTree = "<group>"; };
		B71A2F3C4D5E6F0200000013 /* ScheduleEventCard.swift */ = {isa = PBXFileReference; lastKnownFileType = sourcecode.swift; path = ScheduleEventCard.swift; sourceTree = "<group>"; };
		B71A2F3C4D5E6F0200000014 /* ChatDetailView.swift */ = {isa = PBXFileReference; lastKnownFileType = sourcecode.swift; path = ChatDetailView.swift; sourceTree = "<group>"; };
		B71A2F3C4D5E6F0200000015 /* ChatsListView.swift */ = {isa = PBXFileReference; lastKnownFileType = sourcecode.swift; path = ChatsListView.swift; sourceTree = "<group>"; };
		B71A2F3C4D5E6F0200000016 /* ConversationCard.swift */ = {isa = PBXFileReference; lastKnownFileType = sourcecode.swift; path = ConversationCard.swift; sourceTree = "<group>"; };
		B71A2F3C4D5E6F0200000017 /* MessageBubble.swift */ = {isa = PBXFileReference; lastKnownFileType = sourcecode.swift; path = MessageBubble.swift; sourceTree = "<group>"; };
		B71A2F3C4D5E6F0200000018 /* ContentPortalView.swift */ = {isa = PBXFileReference; lastKnownFileType = sourcecode.swift; path = ContentPortalView.swift; sourceTree = "<group>"; };
		B71A2F3C4D5E6F0200000019 /* NewListingForm.swift */ = {isa = PBXFileReference; lastKnownFileType = sourcecode.swift; path = NewListingForm.swift; sourceTree = "<group>"; };
		B71A2F3C4D5E6F0200000020 /* Assets.xcassets */ = {isa = PBXFileReference; lastKnownFileType = folder.assetcatalog; path = Assets.xcassets; sourceTree = "<group>"; };
		B71A2F3C4D5E6F0200000021 /* Info.plist */ = {isa = PBXFileReference; lastKnownFileType = text.plist.xml; path = Info.plist; sourceTree = "<group>"; };
		B71A2F3C4D5E6F0300000001 /* Calloway.app */ = {isa = PBXFileReference; explicitFileType = wrapper.application; includeInIndex = 0; path = Calloway.app; sourceTree = BUILT_PRODUCTS_DIR; };
/* End PBXFileReference section */

/* Begin PBXFrameworksBuildPhase section */
		B71A2F3C4D5E6F0400000001 /* Frameworks */ = {
			isa = PBXFrameworksBuildPhase;
			buildActionMask = 2147483647;
			files = (
			);
			runOnlyForDeploymentPostprocessing = 0;
		};
/* End PBXFrameworksBuildPhase section */

/* Begin PBXGroup section */
		B71A2F3C4D5E6F0500000001 /* Root */ = {
			isa = PBXGroup;
			children = (
				B71A2F3C4D5E6F0500000002 /* Calloway */,
				B71A2F3C4D5E6F0500000099 /* Products */,
			);
			sourceTree = "<group>";
		};
		B71A2F3C4D5E6F0500000099 /* Products */ = {
			isa = PBXGroup;
			children = (
				B71A2F3C4D5E6F0300000001 /* Calloway.app */,
			);
			name = Products;
			sourceTree = "<group>";
		};
		B71A2F3C4D5E6F0500000002 /* Calloway */ = {
			isa = PBXGroup;
			children = (
				B71A2F3C4D5E6F0200000001 /* CallowayApp.swift */,
				B71A2F3C4D5E6F0200000021 /* Info.plist */,
				B71A2F3C4D5E6F0200000020 /* Assets.xcassets */,
				B71A2F3C4D5E6F0500000003 /* Components */,
				B71A2F3C4D5E6F0500000004 /* Models */,
				B71A2F3C4D5E6F0500000005 /* Services */,
				B71A2F3C4D5E6F0500000006 /* Theme */,
				B71A2F3C4D5E6F0500000007 /* Views */,
			);
			path = Calloway;
			sourceTree = "<group>";
		};
		B71A2F3C4D5E6F0500000003 /* Components */ = {
			isa = PBXGroup;
			children = (
				B71A2F3C4D5E6F0200000002 /* AvatarView.swift */,
				B71A2F3C4D5E6F0200000003 /* FilterChip.swift */,
			);
			path = Components;
			sourceTree = "<group>";
		};
		B71A2F3C4D5E6F0500000004 /* Models */ = {
			isa = PBXGroup;
			children = (
				B71A2F3C4D5E6F0200000004 /* BriefingModels.swift */,
				B71A2F3C4D5E6F0200000005 /* ConversationModels.swift */,
				B71A2F3C4D5E6F0200000006 /* ListingModels.swift */,
			);
			path = Models;
			sourceTree = "<group>";
		};
		B71A2F3C4D5E6F0500000005 /* Services */ = {
			isa = PBXGroup;
			children = (
				B71A2F3C4D5E6F0200000007 /* APIClient.swift */,
				B71A2F3C4D5E6F0200000008 /* AuthService.swift */,
			);
			path = Services;
			sourceTree = "<group>";
		};
		B71A2F3C4D5E6F0500000006 /* Theme */ = {
			isa = PBXGroup;
			children = (
				B71A2F3C4D5E6F0200000009 /* CallowayTheme.swift */,
			);
			path = Theme;
			sourceTree = "<group>";
		};
		B71A2F3C4D5E6F0500000007 /* Views */ = {
			isa = PBXGroup;
			children = (
				B71A2F3C4D5E6F0200000010 /* MainTabView.swift */,
				B71A2F3C4D5E6F0500000008 /* Briefing */,
				B71A2F3C4D5E6F0500000009 /* Chats */,
				B71A2F3C4D5E6F0500000010 /* Content */,
			);
			path = Views;
			sourceTree = "<group>";
		};
		B71A2F3C4D5E6F0500000008 /* Briefing */ = {
			isa = PBXGroup;
			children = (
				B71A2F3C4D5E6F0200000011 /* AssistantSummaryCard.swift */,
				B71A2F3C4D5E6F0200000012 /* BriefingView.swift */,
				B71A2F3C4D5E6F0200000013 /* ScheduleEventCard.swift */,
			);
			path = Briefing;
			sourceTree = "<group>";
		};
		B71A2F3C4D5E6F0500000009 /* Chats */ = {
			isa = PBXGroup;
			children = (
				B71A2F3C4D5E6F0200000014 /* ChatDetailView.swift */,
				B71A2F3C4D5E6F0200000015 /* ChatsListView.swift */,
				B71A2F3C4D5E6F0200000016 /* ConversationCard.swift */,
				B71A2F3C4D5E6F0200000017 /* MessageBubble.swift */,
			);
			path = Chats;
			sourceTree = "<group>";
		};
		B71A2F3C4D5E6F0500000010 /* Content */ = {
			isa = PBXGroup;
			children = (
				B71A2F3C4D5E6F0200000018 /* ContentPortalView.swift */,
				B71A2F3C4D5E6F0200000019 /* NewListingForm.swift */,
			);
			path = Content;
			sourceTree = "<group>";
		};
/* End PBXGroup section */

/* Begin PBXNativeTarget section */
		B71A2F3C4D5E6F0600000001 /* Calloway */ = {
			isa = PBXNativeTarget;
			buildConfigurationList = B71A2F3C4D5E6F0900000001 /* Build configuration list for PBXNativeTarget "Calloway" */;
			buildPhases = (
				B71A2F3C4D5E6F0700000001 /* Sources */,
				B71A2F3C4D5E6F0400000001 /* Frameworks */,
				B71A2F3C4D5E6F0700000002 /* Resources */,
			);
			buildRules = (
			);
			dependencies = (
			);
			name = Calloway;
			productName = Calloway;
			productReference = B71A2F3C4D5E6F0300000001 /* Calloway.app */;
			productType = "com.apple.product-type.application";
		};
/* End PBXNativeTarget section */

/* Begin PBXProject section */
		B71A2F3C4D5E6F0800000001 /* Project object */ = {
			isa = PBXProject;
			attributes = {
				BuildIndependentTargetsInParallel = 1;
				LastSwiftUpdateCheck = 1540;
				LastUpgradeCheck = 1540;
				TargetAttributes = {
					B71A2F3C4D5E6F0600000001 = {
						CreatedOnToolsVersion = 15.4;
					};
				};
			};
			buildConfigurationList = B71A2F3C4D5E6F0900000002 /* Build configuration list for PBXProject "Calloway" */;
			compatibilityVersion = "Xcode 14.0";
			developmentRegion = en;
			hasScannedForEncodings = 0;
			knownRegions = (
				en,
				Base,
			);
			mainGroup = B71A2F3C4D5E6F0500000001 /* Root */;
			productRefGroup = B71A2F3C4D5E6F0500000099 /* Products */;
			projectDirPath = "";
			projectRoot = "";
			targets = (
				B71A2F3C4D5E6F0600000001 /* Calloway */,
			);
		};
/* End PBXProject section */

/* Begin PBXResourcesBuildPhase section */
		B71A2F3C4D5E6F0700000002 /* Resources */ = {
			isa = PBXResourcesBuildPhase;
			buildActionMask = 2147483647;
			files = (
				B71A2F3C4D5E6F0100000020 /* Assets.xcassets in Resources */,
			);
			runOnlyForDeploymentPostprocessing = 0;
		};
/* End PBXResourcesBuildPhase section */

/* Begin PBXSourcesBuildPhase section */
		B71A2F3C4D5E6F0700000001 /* Sources */ = {
			isa = PBXSourcesBuildPhase;
			buildActionMask = 2147483647;
			files = (
				B71A2F3C4D5E6F0100000001 /* CallowayApp.swift in Sources */,
				B71A2F3C4D5E6F0100000002 /* AvatarView.swift in Sources */,
				B71A2F3C4D5E6F0100000003 /* FilterChip.swift in Sources */,
				B71A2F3C4D5E6F0100000004 /* BriefingModels.swift in Sources */,
				B71A2F3C4D5E6F0100000005 /* ConversationModels.swift in Sources */,
				B71A2F3C4D5E6F0100000006 /* ListingModels.swift in Sources */,
				B71A2F3C4D5E6F0100000007 /* APIClient.swift in Sources */,
				B71A2F3C4D5E6F0100000008 /* AuthService.swift in Sources */,
				B71A2F3C4D5E6F0100000009 /* CallowayTheme.swift in Sources */,
				B71A2F3C4D5E6F0100000010 /* MainTabView.swift in Sources */,
				B71A2F3C4D5E6F0100000011 /* AssistantSummaryCard.swift in Sources */,
				B71A2F3C4D5E6F0100000012 /* BriefingView.swift in Sources */,
				B71A2F3C4D5E6F0100000013 /* ScheduleEventCard.swift in Sources */,
				B71A2F3C4D5E6F0100000014 /* ChatDetailView.swift in Sources */,
				B71A2F3C4D5E6F0100000015 /* ChatsListView.swift in Sources */,
				B71A2F3C4D5E6F0100000016 /* ConversationCard.swift in Sources */,
				B71A2F3C4D5E6F0100000017 /* MessageBubble.swift in Sources */,
				B71A2F3C4D5E6F0100000018 /* ContentPortalView.swift in Sources */,
				B71A2F3C4D5E6F0100000019 /* NewListingForm.swift in Sources */,
			);
			runOnlyForDeploymentPostprocessing = 0;
		};
/* End PBXSourcesBuildPhase section */

/* Begin XCBuildConfiguration section */
		B71A2F3C4D5E6F0A00000001 /* Debug */ = {
			isa = XCBuildConfiguration;
			buildSettings = {
				ALWAYS_SEARCH_USER_PATHS = NO;
				ASSETCATALOG_COMPILER_GENERATE_SWIFT_ASSET_SYMBOL_EXTENSIONS = YES;
				CLANG_ANALYZER_NONNULL = YES;
				CLANG_ANALYZER_NUMBER_OBJECT_CONVERSION = YES_AGGRESSIVE;
				CLANG_CXX_LANGUAGE_STANDARD = "gnu++20";
				CLANG_ENABLE_MODULES = YES;
				CLANG_ENABLE_OBJC_ARC = YES;
				CLANG_ENABLE_OBJC_WEAK = YES;
				CLANG_WARN_BLOCK_CAPTURE_AUTORELEASING = YES;
				CLANG_WARN_BOOL_CONVERSION = YES;
				CLANG_WARN_COMMA = YES;
				CLANG_WARN_CONSTANT_CONVERSION = YES;
				CLANG_WARN_DEPRECATED_OBJC_IMPLEMENTATIONS = YES;
				CLANG_WARN_DIRECT_OBJC_ISA_USAGE = YES_ERROR;
				CLANG_WARN_DOCUMENTATION_COMMENTS = YES;
				CLANG_WARN_EMPTY_BODY = YES;
				CLANG_WARN_ENUM_CONVERSION = YES;
				CLANG_WARN_INFINITE_RECURSION = YES;
				CLANG_WARN_INT_CONVERSION = YES;
				CLANG_WARN_NON_LITERAL_NULL_CONVERSION = YES;
				CLANG_WARN_OBJC_IMPLICIT_RETAIN_SELF = YES;
				CLANG_WARN_OBJC_LITERAL_CONVERSION = YES;
				CLANG_WARN_OBJC_ROOT_CLASS = YES_ERROR;
				CLANG_WARN_QUOTED_INCLUDE_IN_FRAMEWORK_HEADER = YES;
				CLANG_WARN_RANGE_LOOP_ANALYSIS = YES;
				CLANG_WARN_STRICT_PROTOTYPES = YES;
				CLANG_WARN_SUSPICIOUS_MOVE = YES;
				CLANG_WARN_UNGUARDED_AVAILABILITY = YES_AGGRESSIVE;
				CLANG_WARN_UNREACHABLE_CODE = YES;
				CLANG_WARN__DUPLICATE_METHOD_MATCH = YES;
				COPY_PHASE_STRIP = NO;
				DEBUG_INFORMATION_FORMAT = dwarf;
				ENABLE_STRICT_OBJC_MSGSEND = YES;
				ENABLE_TESTABILITY = YES;
				ENABLE_USER_SCRIPT_SANDBOXING = YES;
				GCC_C_LANGUAGE_STANDARD = gnu17;
				GCC_DYNAMIC_NO_PIC = NO;
				GCC_NO_COMMON_BLOCKS = YES;
				GCC_OPTIMIZATION_LEVEL = 0;
				GCC_PREPROCESSOR_DEFINITIONS = (
					"DEBUG=1",
					"$(inherited)",
				);
				GCC_WARN_64_TO_32_BIT_CONVERSION = YES;
				GCC_WARN_ABOUT_RETURN_TYPE = YES_ERROR;
				GCC_WARN_UNDECLARED_SELECTOR = YES;
				GCC_WARN_UNINITIALIZED_AUTOS = YES_AGGRESSIVE;
				GCC_WARN_UNUSED_FUNCTION = YES;
				GCC_WARN_UNUSED_VARIABLE = YES;
				IPHONEOS_DEPLOYMENT_TARGET = 17.0;
				LOCALIZATION_PREFERS_STRING_CATALOGS = YES;
				MTL_ENABLE_DEBUG_INFO = INCLUDE_SOURCE;
				MTL_FAST_MATH = YES;
				ONLY_ACTIVE_ARCH = YES;
				SDKROOT = iphoneos;
				SWIFT_ACTIVE_COMPILATION_CONDITIONS = "DEBUG $(inherited)";
				SWIFT_OPTIMIZATION_LEVEL = "-Onone";
			};
			name = Debug;
		};
		B71A2F3C4D5E6F0A00000002 /* Release */ = {
			isa = XCBuildConfiguration;
			buildSettings = {
				ALWAYS_SEARCH_USER_PATHS = NO;
				ASSETCATALOG_COMPILER_GENERATE_SWIFT_ASSET_SYMBOL_EXTENSIONS = YES;
				CLANG_ANALYZER_NONNULL = YES;
				CLANG_ANALYZER_NUMBER_OBJECT_CONVERSION = YES_AGGRESSIVE;
				CLANG_CXX_LANGUAGE_STANDARD = "gnu++20";
				CLANG_ENABLE_MODULES = YES;
				CLANG_ENABLE_OBJC_ARC = YES;
				CLANG_ENABLE_OBJC_WEAK = YES;
				CLANG_WARN_BLOCK_CAPTURE_AUTORELEASING = YES;
				CLANG_WARN_BOOL_CONVERSION = YES;
				CLANG_WARN_COMMA = YES;
				CLANG_WARN_CONSTANT_CONVERSION = YES;
				CLANG_WARN_DEPRECATED_OBJC_IMPLEMENTATIONS = YES;
				CLANG_WARN_DIRECT_OBJC_ISA_USAGE = YES_ERROR;
				CLANG_WARN_DOCUMENTATION_COMMENTS = YES;
				CLANG_WARN_EMPTY_BODY = YES;
				CLANG_WARN_ENUM_CONVERSION = YES;
				CLANG_WARN_INFINITE_RECURSION = YES;
				CLANG_WARN_INT_CONVERSION = YES;
				CLANG_WARN_NON_LITERAL_NULL_CONVERSION = YES;
				CLANG_WARN_OBJC_IMPLICIT_RETAIN_SELF = YES;
				CLANG_WARN_OBJC_LITERAL_CONVERSION = YES;
				CLANG_WARN_OBJC_ROOT_CLASS = YES_ERROR;
				CLANG_WARN_QUOTED_INCLUDE_IN_FRAMEWORK_HEADER = YES;
				CLANG_WARN_RANGE_LOOP_ANALYSIS = YES;
				CLANG_WARN_STRICT_PROTOTYPES = YES;
				CLANG_WARN_SUSPICIOUS_MOVE = YES;
				CLANG_WARN_UNGUARDED_AVAILABILITY = YES_AGGRESSIVE;
				CLANG_WARN_UNREACHABLE_CODE = YES;
				CLANG_WARN__DUPLICATE_METHOD_MATCH = YES;
				COPY_PHASE_STRIP = NO;
				DEBUG_INFORMATION_FORMAT = "dwarf-with-dsym";
				ENABLE_NS_ASSERTIONS = NO;
				ENABLE_STRICT_OBJC_MSGSEND = YES;
				ENABLE_USER_SCRIPT_SANDBOXING = YES;
				GCC_C_LANGUAGE_STANDARD = gnu17;
				GCC_NO_COMMON_BLOCKS = YES;
				GCC_WARN_64_TO_32_BIT_CONVERSION = YES;
				GCC_WARN_ABOUT_RETURN_TYPE = YES_ERROR;
				GCC_WARN_UNDECLARED_SELECTOR = YES;
				GCC_WARN_UNINITIALIZED_AUTOS = YES_AGGRESSIVE;
				GCC_WARN_UNUSED_FUNCTION = YES;
				GCC_WARN_UNUSED_VARIABLE = YES;
				IPHONEOS_DEPLOYMENT_TARGET = 17.0;
				LOCALIZATION_PREFERS_STRING_CATALOGS = YES;
				MTL_ENABLE_DEBUG_INFO = NO;
				MTL_FAST_MATH = YES;
				SDKROOT = iphoneos;
				SWIFT_COMPILATION_MODE = wholemodule;
				VALIDATE_PRODUCT = YES;
			};
			name = Release;
		};
		B71A2F3C4D5E6F0A00000003 /* Debug */ = {
			isa = XCBuildConfiguration;
			buildSettings = {
				ASSETCATALOG_COMPILER_APPICON_NAME = AppIcon;
				ASSETCATALOG_COMPILER_GLOBAL_ACCENT_COLOR_NAME = AccentColor;
				CODE_SIGN_STYLE = Automatic;
				CURRENT_PROJECT_VERSION = 1;
				DEVELOPMENT_TEAM = "";
				GENERATE_INFOPLIST_FILE = NO;
				INFOPLIST_FILE = Calloway/Info.plist;
				INFOPLIST_KEY_CFBundleDisplayName = Calloway;
				INFOPLIST_KEY_LSApplicationCategoryType = "public.app-category.business";
				INFOPLIST_KEY_UIApplicationSceneManifest_Generation = NO;
				INFOPLIST_KEY_UIApplicationSupportsIndirectInputEvents = YES;
				INFOPLIST_KEY_UILaunchScreen_Generation = YES;
				INFOPLIST_KEY_UISupportedInterfaceOrientations = UIInterfaceOrientationPortrait;
				LD_RUNPATH_SEARCH_PATHS = (
					"$(inherited)",
					"@executable_path/Frameworks",
				);
				MARKETING_VERSION = 1.0;
				PRODUCT_BUNDLE_IDENTIFIER = com.calloway.ios;
				PRODUCT_NAME = "$(TARGET_NAME)";
				SUPPORTED_PLATFORMS = "iphoneos iphonesimulator";
				SUPPORTS_MACCATALYST = NO;
				SWIFT_EMIT_LOC_STRINGS = YES;
				SWIFT_VERSION = 5.0;
				TARGETED_DEVICE_FAMILY = 1;
			};
			name = Debug;
		};
		B71A2F3C4D5E6F0A00000004 /* Release */ = {
			isa = XCBuildConfiguration;
			buildSettings = {
				ASSETCATALOG_COMPILER_APPICON_NAME = AppIcon;
				ASSETCATALOG_COMPILER_GLOBAL_ACCENT_COLOR_NAME = AccentColor;
				CODE_SIGN_STYLE = Automatic;
				CURRENT_PROJECT_VERSION = 1;
				DEVELOPMENT_TEAM = "";
				GENERATE_INFOPLIST_FILE = NO;
				INFOPLIST_FILE = Calloway/Info.plist;
				INFOPLIST_KEY_CFBundleDisplayName = Calloway;
				INFOPLIST_KEY_LSApplicationCategoryType = "public.app-category.business";
				INFOPLIST_KEY_UIApplicationSceneManifest_Generation = NO;
				INFOPLIST_KEY_UIApplicationSupportsIndirectInputEvents = YES;
				INFOPLIST_KEY_UILaunchScreen_Generation = YES;
				INFOPLIST_KEY_UISupportedInterfaceOrientations = UIInterfaceOrientationPortrait;
				LD_RUNPATH_SEARCH_PATHS = (
					"$(inherited)",
					"@executable_path/Frameworks",
				);
				MARKETING_VERSION = 1.0;
				PRODUCT_BUNDLE_IDENTIFIER = com.calloway.ios;
				PRODUCT_NAME = "$(TARGET_NAME)";
				SUPPORTED_PLATFORMS = "iphoneos iphonesimulator";
				SUPPORTS_MACCATALYST = NO;
				SWIFT_EMIT_LOC_STRINGS = YES;
				SWIFT_VERSION = 5.0;
				TARGETED_DEVICE_FAMILY = 1;
			};
			name = Release;
		};
/* End XCBuildConfiguration section */

/* Begin XCConfigurationList section */
		B71A2F3C4D5E6F0900000001 /* Build configuration list for PBXNativeTarget "Calloway" */ = {
			isa = XCConfigurationList;
			buildConfigurations = (
				B71A2F3C4D5E6F0A00000003 /* Debug */,
				B71A2F3C4D5E6F0A00000004 /* Release */,
			);
			defaultConfigurationIsVisible = 0;
			defaultConfigurationName = Release;
		};
		B71A2F3C4D5E6F0900000002 /* Build configuration list for PBXProject "Calloway" */ = {
			isa = XCConfigurationList;
			buildConfigurations = (
				B71A2F3C4D5E6F0A00000001 /* Debug */,
				B71A2F3C4D5E6F0A00000002 /* Release */,
			);
			defaultConfigurationIsVisible = 0;
			defaultConfigurationName = Release;
		};
/* End XCConfigurationList section */
	};
	rootObject = B71A2F3C4D5E6F0800000001 /* Project object */;
}
